{
    "_meta": {
        "hash": {
            "sha256": "edd1714926d0fe182a0692c7ff433960ae1f154d53a08cd85b2dbebf300b8c8b"
        },
        "pipfile-spec": 6,
        "requires": {
            "python_version": "3.13"
        },
        "sources": [
            {
                "name": "pypi",
                "url": "https://pypi.org/simple",
                "verify_ssl": true
            }
        ]
    },
    "default": {
        "blessed": {
            "hashes": [
                "sha256:ece8bbc4758ab9176452f4e3a719d70088eb5739798cd5582c9e05f2a28337ec",
                "sha256:f831e847396f5a2eac6c106f4dfadedf46c4f804733574b15fe86d2ed45a9588"
            ],
            "markers": "python_version >= '2.7'",
            "version": "==1.21.0"
        },
        "editor": {
            "hashes": [
                "sha256:bb6989e872638cd119db9a4fce284cd8e13c553886a1c044c6b8d8a160c871f8",
                "sha256:e818e6913f26c2a81eadef503a2741d7cca7f235d20e217274a009ecd5a74abf"
            ],
            "markers": "python_version >= '3.8'",
            "version": "==1.6.6"
        },
        "inquirer": {
            "hashes": [
                "sha256:8edc99c076386ee2d2204e5e3653c2488244e82cb197b2d498b3c1b5ffb25d0b",
                "sha256:bb0ec93c833e4ce7b51b98b1644b0a4d2bb39755c39787f6a504e4fee7a11b60"
            ],
            "index": "pypi",
            "markers": "python_full_version >= '3.8.1'",
            "version": "==3.4.0"
        },
        "readchar": {
            "hashes": [
                "sha256:91ce3faf07688de14d800592951e5575e9c7a3213738ed01d394dcc949b79adb",
                "sha256:a769305cd3994bb5fa2764aa4073452dc105a4ec39068ffe6efd3c20c60acc77"
            ],
            "markers": "python_version >= '3.8'",
            "version": "==4.2.1"
        },
        "runs": {
            "hashes": [
                "sha256:0980dcbc25aba1505f307ac4f0e9e92cbd0be2a15a1e983ee86c24c87b839dfd",
                "sha256:9dc1815e2895cfb3a48317b173b9f1eac9ba5549b36a847b5cc60c3bf82ecef1"
            ],
            "markers": "python_version >= '3.8'",
            "version": "==1.2.2"
        },
        "wcwidth": {
            "hashes": [
                "sha256:3da69048e4540d84af32131829ff948f1e022c1c6bdb8d6102117aac784f6859",
                "sha256:72ea0c06399eb286d978fdedb6923a9eb47e1c486ce63e9b4e64fc18303972b5"
            ],
            "version": "==0.2.13"
        },
        "xmod": {
            "hashes": [
                "sha256:38c76486b9d672c546d57d8035df0beb7f4a9b088bc3fb2de5431ae821444377",
                "sha256:a24e9458a4853489042522bdca9e50ee2eac5ab75c809a91150a8a7f40670d48"
            ],
            "markers": "python_version >= '3.8'",
            "version": "==1.8.1"
        }
    },
    "develop": {}
}
